{
  "version": 4,
  "terraform_version": "1.4.5",
  "serial": 3,
  "lineage": "98c90013-fc94-60d0-bd68-e30e82e6befd",
  "outputs": {},
  "resources": [
    {
      "mode": "data",
      "type": "google_storage_bucket",
      "name": "bucket",
      "provider": "provider[\"registry.terraform.io/hashicorp/google\"]",
      "instances": [
        {
          "schema_version": 0,
          "attributes": {
            "autoclass": [],
            "cors": [],
            "custom_placement_config": [],
            "default_event_based_hold": false,
            "encryption": [],
            "force_destroy": null,
            "id": "testebucketnuno",
            "labels": {},
            "lifecycle_rule": [],
            "location": "EU",
            "logging": [],
            "name": "testebucketnuno",
            "project": "tech-management-lab-679105",
            "public_access_prevention": "inherited",
            "requester_pays": false,
            "retention_policy": [],
            "self_link": "https://www.googleapis.com/storage/v1/b/testebucketnuno",
            "storage_class": "STANDARD",
            "uniform_bucket_level_access": true,
            "url": "gs://testebucketnuno",
            "versioning": [],
            "website": []
          },
          "sensitive_attributes": []
        }
      ]
    },
    {
      "mode": "managed",
      "type": "google_storage_bucket_object",
      "name": "files_to_bucket",
      "provider": "provider[\"registry.terraform.io/hashicorp/google\"]",
      "instances": [
        {
          "index_key": "files_to_bucket/index.html",
          "schema_version": 0,
          "attributes": {
            "bucket": "testebucketnuno",
            "cache_control": "",
            "content": null,
            "content_disposition": "",
            "content_encoding": "",
            "content_language": "",
            "content_type": "text/html; charset=utf-8",
            "crc32c": "rX0m2w==",
            "customer_encryption": [],
            "detect_md5hash": "g2BXTtEr75G7dpo6waC7SA==",
            "event_based_hold": false,
            "id": "testebucketnuno-files_to_bucket/index.html",
            "kms_key_name": "",
            "md5hash": "g2BXTtEr75G7dpo6waC7SA==",
            "media_link": "https://storage.googleapis.com/download/storage/v1/b/testebucketnuno/o/files_to_bucket%2Findex.html?generation=1689157276470817\u0026alt=media",
            "metadata": null,
            "name": "files_to_bucket/index.html",
            "output_name": "files_to_bucket/index.html",
            "self_link": "https://www.googleapis.com/storage/v1/b/testebucketnuno/o/files_to_bucket%2Findex.html",
            "source": "files_to_bucket/index.html",
            "storage_class": "STANDARD",
            "temporary_hold": false,
            "timeouts": null
          },
          "sensitive_attributes": [],
          "private": "eyJlMmJmYjczMC1lY2FhLTExZTYtOGY4OC0zNDM2M2JjN2M0YzAiOnsiY3JlYXRlIjoyNDAwMDAwMDAwMDAsImRlbGV0ZSI6MjQwMDAwMDAwMDAwLCJ1cGRhdGUiOjI0MDAwMDAwMDAwMH19",
          "dependencies": [
            "data.google_storage_bucket.bucket"
          ]
        }
      ]
    }
  ],
  "check_results": null
}
